version: 1.0
shards:
  ameba:
    github: veelenga/ameba
    version: 0.13.0

  baked_file_system:
    github: schovi/baked_file_system
    commit: 4fb8df749165cfda8d9480175700b3f54d33872f

  radix:
    github: luislavena/radix
    version: 0.3.9

  router:
    github: tbrand/router.cr
    commit: 343bca2292f5518c06e6e97bf1781f85acf2bd87

